
Microsoft Visual Studio Solution File, Format Version 12.00
# Visual Studio Version 17
VisualStudioVersion = 17.5.33414.496
MinimumVisualStudioVersion = 10.0.40219.1
Project("{FAE04EC0-301F-11D3-BF4B-00C04F79EFBC}") = "POO_210214", "POO_210214.csproj", "{00ACE712-1106-4134-A07C-7ACE969A26A3}"
EndProject
Global
	GlobalSection(SolutionConfigurationPlatforms) = preSolution
		Debug|Any CPU = Debug|Any CPU
		Release|Any CPU = Release|Any CPU
	EndGlobalSection
	GlobalSection(ProjectConfigurationPlatforms) = postSolution
		{00ACE712-1106-4134-A07C-7ACE969A26A3}.Debug|Any CPU.ActiveCfg = Debug|Any CPU
		{00ACE712-1106-4134-A07C-7ACE969A26A3}.Debug|Any CPU.Build.0 = Debug|Any CPU
		{00ACE712-1106-4134-A07C-7ACE969A26A3}.Release|Any CPU.ActiveCfg = Release|Any CPU
		{00ACE712-1106-4134-A07C-7ACE969A26A3}.Release|Any CPU.Build.0 = Release|Any CPU
	EndGlobalSection
	GlobalSection(SolutionProperties) = preSolution
		HideSolutionNode = FALSE
	EndGlobalSection
	GlobalSection(ExtensibilityGlobals) = postSolution
		SolutionGuid = {133457CB-614F-4AA1-B85F-375D233B60DE}
	EndGlobalSection
EndGlobal
